// !$*UTF8*$!
{
	archiveVersion = 1;
	classes = {
	};
	objectVersion = 46;
	objects = {

/* Begin PBXBuildFile section */
		EB1E7E931E429A2000A59086 /* MyListView.swift in Sources */ = {isa = PBXBuildFile; fileRef = EB1E7E921E429A2000A59086 /* MyListView.swift */; };
		EB2164A01E3E297D00BF64BC /* AppDelegate.swift in Sources */ = {isa = PBXBuildFile; fileRef = EB21649F1E3E297D00BF64BC /* AppDelegate.swift */; };
		EB2164A21E3E297D00BF64BC /* MainViewController.swift in Sources */ = {isa = PBXBuildFile; fileRef = EB2164A11E3E297D00BF64BC /* MainViewController.swift */; };
		EB2164A71E3E297D00BF64BC /* Assets.xcassets in Resources */ = {isa = PBXBuildFile; fileRef = EB2164A61E3E297D00BF64BC /* Assets.xcassets */; };
		EB2164AA1E3E297D00BF64BC /* LaunchScreen.storyboard in Resources */ = {isa = PBXBuildFile; fileRef = EB2164A81E3E297D00BF64BC /* LaunchScreen.storyboard */; };
		EB2164B51E3E297D00BF64BC /* exploring_iosTests.swift in Sources */ = {isa = PBXBuildFile; fileRef = EB2164B41E3E297D00BF64BC /* exploring_iosTests.swift */; };
		EB2164C01E3E297D00BF64BC /* exploring_iosUITests.swift in Sources */ = {isa = PBXBuildFile; fileRef = EB2164BF1E3E297D00BF64BC /* exploring_iosUITests.swift */; };
		EB2164D91E3E2F6F00BF64BC /* TabMyListViewController.swift in Sources */ = {isa = PBXBuildFile; fileRef = EB2164D81E3E2F6F00BF64BC /* TabMyListViewController.swift */; };
		EB2164DB1E3E2F9D00BF64BC /* PickViewController.swift in Sources */ = {isa = PBXBuildFile; fileRef = EB2164DA1E3E2F9D00BF64BC /* PickViewController.swift */; };
		EB2164E41E3E335100BF64BC /* SnapKit.framework in Frameworks */ = {isa = PBXBuildFile; fileRef = EB2164E31E3E335100BF64BC /* SnapKit.framework */; };
		EB2164E61E3E33F600BF64BC /* TabPickViewController.swift in Sources */ = {isa = PBXBuildFile; fileRef = EB2164E51E3E33F600BF64BC /* TabPickViewController.swift */; };
		EB2164E91E3E35FC00BF64BC /* SettingsViewController.swift in Sources */ = {isa = PBXBuildFile; fileRef = EB2164E81E3E35FC00BF64BC /* SettingsViewController.swift */; };
		EB2164EB1E3E547500BF64BC /* SettingsNavigationController.swift in Sources */ = {isa = PBXBuildFile; fileRef = EB2164EA1E3E547500BF64BC /* SettingsNavigationController.swift */; };
		EB2164ED1E3E559C00BF64BC /* Signals.framework in Frameworks */ = {isa = PBXBuildFile; fileRef = EB2164EC1E3E559C00BF64BC /* Signals.framework */; };
		EB2164EF1E3E560700BF64BC /* Settings2ViewController.swift in Sources */ = {isa = PBXBuildFile; fileRef = EB2164EE1E3E560700BF64BC /* Settings2ViewController.swift */; };
		EB69ADE61E42748C008C3160 /* AddEditNavigationController.swift in Sources */ = {isa = PBXBuildFile; fileRef = EB69ADE51E42748C008C3160 /* AddEditNavigationController.swift */; };
		EB69ADE91E4274C9008C3160 /* LearnalistModel.swift in Sources */ = {isa = PBXBuildFile; fileRef = EB69ADE81E4274C9008C3160 /* LearnalistModel.swift */; };
		EB6BA7DD1E3E5AA200F96D70 /* TabLastListViewController.swift in Sources */ = {isa = PBXBuildFile; fileRef = EB6BA7DC1E3E5AA200F96D70 /* TabLastListViewController.swift */; };
		EB8236B41E3E637000577A13 /* MyListViewController.swift in Sources */ = {isa = PBXBuildFile; fileRef = EB8236B31E3E637000577A13 /* MyListViewController.swift */; };
		EB87F4731E413375006A2E3B /* PickView.swift in Sources */ = {isa = PBXBuildFile; fileRef = EB87F4721E413375006A2E3B /* PickView.swift */; };
		EB87F4781E4138A2006A2E3B /* V1EditlistViewItem.swift in Sources */ = {isa = PBXBuildFile; fileRef = EB87F4771E4138A2006A2E3B /* V1EditlistViewItem.swift */; };
		EB87F47A1E41395B006A2E3B /* V1AddEditListItemViewController.swift in Sources */ = {isa = PBXBuildFile; fileRef = EB87F4791E41395B006A2E3B /* V1AddEditListItemViewController.swift */; };
		EB87F47C1E4140F8006A2E3B /* V1EditListView.swift in Sources */ = {isa = PBXBuildFile; fileRef = EB87F47B1E4140F8006A2E3B /* V1EditListView.swift */; };
		EB87F47E1E41417B006A2E3B /* V1EditListViewController.swift in Sources */ = {isa = PBXBuildFile; fileRef = EB87F47D1E41417B006A2E3B /* V1EditListViewController.swift */; };
		EB87F4801E414EE7006A2E3B /* V2EditListView.swift in Sources */ = {isa = PBXBuildFile; fileRef = EB87F47F1E414EE7006A2E3B /* V2EditListView.swift */; };
		EB87F4821E414F17006A2E3B /* V2EditlistViewItem.swift in Sources */ = {isa = PBXBuildFile; fileRef = EB87F4811E414F17006A2E3B /* V2EditlistViewItem.swift */; };
		EB87F4841E414F59006A2E3B /* V2EditListViewController.swift in Sources */ = {isa = PBXBuildFile; fileRef = EB87F4831E414F59006A2E3B /* V2EditListViewController.swift */; };
		EB87F4861E414F85006A2E3B /* V2AddEditListItemViewController.swift in Sources */ = {isa = PBXBuildFile; fileRef = EB87F4851E414F85006A2E3B /* V2AddEditListItemViewController.swift */; };
		EB87F4891E415244006A2E3B /* LastListViewController.swift in Sources */ = {isa = PBXBuildFile; fileRef = EB87F4881E415244006A2E3B /* LastListViewController.swift */; };
		EBB2469E1E4276C000330F6A /* Alamofire.framework in Frameworks */ = {isa = PBXBuildFile; fileRef = EBB2469A1E4276C000330F6A /* Alamofire.framework */; };
		EBB2469F1E4276C000330F6A /* Dollar.framework in Frameworks */ = {isa = PBXBuildFile; fileRef = EBB2469B1E4276C000330F6A /* Dollar.framework */; };
		EBB246A01E4276C000330F6A /* SQLite.framework in Frameworks */ = {isa = PBXBuildFile; fileRef = EBB2469C1E4276C000330F6A /* SQLite.framework */; };
		EBB246A11E4276C000330F6A /* SwiftyJSON.framework in Frameworks */ = {isa = PBXBuildFile; fileRef = EBB2469D1E4276C000330F6A /* SwiftyJSON.framework */; };
		EBB246A41E4281B300330F6A /* SettingsInfo.swift in Sources */ = {isa = PBXBuildFile; fileRef = EBB246A31E4281B300330F6A /* SettingsInfo.swift */; };
		EBB246A61E4281DF00330F6A /* SettingsView.swift in Sources */ = {isa = PBXBuildFile; fileRef = EBB246A51E4281DF00330F6A /* SettingsView.swift */; };
		EBB246A81E4286F900330F6A /* Settings.plist in Resources */ = {isa = PBXBuildFile; fileRef = EBB246A71E4286F900330F6A /* Settings.plist */; };
		EBB246AA1E428F7100330F6A /* LearnalistApi.swift in Sources */ = {isa = PBXBuildFile; fileRef = EBB246A91E428F7100330F6A /* LearnalistApi.swift */; };
/* End PBXBuildFile section */

/* Begin PBXContainerItemProxy section */
		EB2164B11E3E297D00BF64BC /* PBXContainerItemProxy */ = {
			isa = PBXContainerItemProxy;
			containerPortal = EB2164941E3E297D00BF64BC /* Project object */;
			proxyType = 1;
			remoteGlobalIDString = EB21649B1E3E297D00BF64BC;
			remoteInfo = "learnalist-ios";
		};
		EB2164BC1E3E297D00BF64BC /* PBXContainerItemProxy */ = {
			isa = PBXContainerItemProxy;
			containerPortal = EB2164941E3E297D00BF64BC /* Project object */;
			proxyType = 1;
			remoteGlobalIDString = EB21649B1E3E297D00BF64BC;
			remoteInfo = "learnalist-ios";
		};
/* End PBXContainerItemProxy section */

/* Begin PBXFileReference section */
		EB1E7E921E429A2000A59086 /* MyListView.swift */ = {isa = PBXFileReference; fileEncoding = 4; lastKnownFileType = sourcecode.swift; path = MyListView.swift; sourceTree = "<group>"; };
		EB21649C1E3E297D00BF64BC /* learnalist-ios.app */ = {isa = PBXFileReference; explicitFileType = wrapper.application; includeInIndex = 0; path = "learnalist-ios.app"; sourceTree = BUILT_PRODUCTS_DIR; };
		EB21649F1E3E297D00BF64BC /* AppDelegate.swift */ = {isa = PBXFileReference; lastKnownFileType = sourcecode.swift; path = AppDelegate.swift; sourceTree = "<group>"; };
		EB2164A11E3E297D00BF64BC /* MainViewController.swift */ = {isa = PBXFileReference; lastKnownFileType = sourcecode.swift; path = MainViewController.swift; sourceTree = "<group>"; };
		EB2164A61E3E297D00BF64BC /* Assets.xcassets */ = {isa = PBXFileReference; lastKnownFileType = folder.assetcatalog; path = Assets.xcassets; sourceTree = "<group>"; };
		EB2164A91E3E297D00BF64BC /* Base */ = {isa = PBXFileReference; lastKnownFileType = file.storyboard; name = Base; path = Base.lproj/LaunchScreen.storyboard; sourceTree = "<group>"; };
		EB2164AB1E3E297D00BF64BC /* Info.plist */ = {isa = PBXFileReference; lastKnownFileType = text.plist.xml; path = Info.plist; sourceTree = "<group>"; };
		EB2164B01E3E297D00BF64BC /* learnalist-iosTests.xctest */ = {isa = PBXFileReference; explicitFileType = wrapper.cfbundle; includeInIndex = 0; path = "learnalist-iosTests.xctest"; sourceTree = BUILT_PRODUCTS_DIR; };
		EB2164B41E3E297D00BF64BC /* exploring_iosTests.swift */ = {isa = PBXFileReference; lastKnownFileType = sourcecode.swift; path = exploring_iosTests.swift; sourceTree = "<group>"; };
		EB2164B61E3E297D00BF64BC /* Info.plist */ = {isa = PBXFileReference; lastKnownFileType = text.plist.xml; path = Info.plist; sourceTree = "<group>"; };
		EB2164BB1E3E297D00BF64BC /* learnalist-iosUITests.xctest */ = {isa = PBXFileReference; explicitFileType = wrapper.cfbundle; includeInIndex = 0; path = "learnalist-iosUITests.xctest"; sourceTree = BUILT_PRODUCTS_DIR; };
		EB2164BF1E3E297D00BF64BC /* exploring_iosUITests.swift */ = {isa = PBXFileReference; lastKnownFileType = sourcecode.swift; path = exploring_iosUITests.swift; sourceTree = "<group>"; };
		EB2164C11E3E297D00BF64BC /* Info.plist */ = {isa = PBXFileReference; lastKnownFileType = text.plist.xml; path = Info.plist; sourceTree = "<group>"; };
		EB2164D81E3E2F6F00BF64BC /* TabMyListViewController.swift */ = {isa = PBXFileReference; fileEncoding = 4; lastKnownFileType = sourcecode.swift; path = TabMyListViewController.swift; sourceTree = "<group>"; };
		EB2164DA1E3E2F9D00BF64BC /* PickViewController.swift */ = {isa = PBXFileReference; fileEncoding = 4; lastKnownFileType = sourcecode.swift; path = PickViewController.swift; sourceTree = "<group>"; };
		EB2164DD1E3E321C00BF64BC /* SnapKit.framework */ = {isa = PBXFileReference; lastKnownFileType = wrapper.framework; name = SnapKit.framework; path = "../../learnalist-ios/learnalist-ios/Carthage/Build/iOS/SnapKit.framework"; sourceTree = "<group>"; };
		EB2164E11E3E332F00BF64BC /* SnapKit.framework */ = {isa = PBXFileReference; lastKnownFileType = wrapper.framework; name = SnapKit.framework; path = ../Carthage/Build/iOS/SnapKit.framework; sourceTree = "<group>"; };
		EB2164E31E3E335100BF64BC /* SnapKit.framework */ = {isa = PBXFileReference; lastKnownFileType = wrapper.framework; name = SnapKit.framework; path = Carthage/Build/iOS/SnapKit.framework; sourceTree = "<group>"; };
		EB2164E51E3E33F600BF64BC /* TabPickViewController.swift */ = {isa = PBXFileReference; fileEncoding = 4; lastKnownFileType = sourcecode.swift; path = TabPickViewController.swift; sourceTree = "<group>"; };
		EB2164E81E3E35FC00BF64BC /* SettingsViewController.swift */ = {isa = PBXFileReference; fileEncoding = 4; lastKnownFileType = sourcecode.swift; path = SettingsViewController.swift; sourceTree = "<group>"; };
		EB2164EA1E3E547500BF64BC /* SettingsNavigationController.swift */ = {isa = PBXFileReference; fileEncoding = 4; lastKnownFileType = sourcecode.swift; path = SettingsNavigationController.swift; sourceTree = "<group>"; };
		EB2164EC1E3E559C00BF64BC /* Signals.framework */ = {isa = PBXFileReference; lastKnownFileType = wrapper.framework; name = Signals.framework; path = Carthage/Build/iOS/Signals.framework; sourceTree = "<group>"; };
		EB2164EE1E3E560700BF64BC /* Settings2ViewController.swift */ = {isa = PBXFileReference; fileEncoding = 4; lastKnownFileType = sourcecode.swift; path = Settings2ViewController.swift; sourceTree = "<group>"; };
		EB69ADE51E42748C008C3160 /* AddEditNavigationController.swift */ = {isa = PBXFileReference; fileEncoding = 4; lastKnownFileType = sourcecode.swift; path = AddEditNavigationController.swift; sourceTree = "<group>"; };
		EB69ADE81E4274C9008C3160 /* LearnalistModel.swift */ = {isa = PBXFileReference; fileEncoding = 4; lastKnownFileType = sourcecode.swift; path = LearnalistModel.swift; sourceTree = "<group>"; };
		EB6BA7DC1E3E5AA200F96D70 /* TabLastListViewController.swift */ = {isa = PBXFileReference; fileEncoding = 4; lastKnownFileType = sourcecode.swift; path = TabLastListViewController.swift; sourceTree = "<group>"; };
		EB8236B31E3E637000577A13 /* MyListViewController.swift */ = {isa = PBXFileReference; fileEncoding = 4; lastKnownFileType = sourcecode.swift; path = MyListViewController.swift; sourceTree = "<group>"; };
		EB87F4721E413375006A2E3B /* PickView.swift */ = {isa = PBXFileReference; fileEncoding = 4; lastKnownFileType = sourcecode.swift; path = PickView.swift; sourceTree = "<group>"; };
		EB87F4771E4138A2006A2E3B /* V1EditlistViewItem.swift */ = {isa = PBXFileReference; fileEncoding = 4; lastKnownFileType = sourcecode.swift; path = V1EditlistViewItem.swift; sourceTree = "<group>"; };
		EB87F4791E41395B006A2E3B /* V1AddEditListItemViewController.swift */ = {isa = PBXFileReference; fileEncoding = 4; lastKnownFileType = sourcecode.swift; path = V1AddEditListItemViewController.swift; sourceTree = "<group>"; };
		EB87F47B1E4140F8006A2E3B /* V1EditListView.swift */ = {isa = PBXFileReference; fileEncoding = 4; lastKnownFileType = sourcecode.swift; path = V1EditListView.swift; sourceTree = "<group>"; };
		EB87F47D1E41417B006A2E3B /* V1EditListViewController.swift */ = {isa = PBXFileReference; fileEncoding = 4; lastKnownFileType = sourcecode.swift; path = V1EditListViewController.swift; sourceTree = "<group>"; };
		EB87F47F1E414EE7006A2E3B /* V2EditListView.swift */ = {isa = PBXFileReference; fileEncoding = 4; lastKnownFileType = sourcecode.swift; path = V2EditListView.swift; sourceTree = "<group>"; };
		EB87F4811E414F17006A2E3B /* V2EditlistViewItem.swift */ = {isa = PBXFileReference; fileEncoding = 4; lastKnownFileType = sourcecode.swift; path = V2EditlistViewItem.swift; sourceTree = "<group>"; };
		EB87F4831E414F59006A2E3B /* V2EditListViewController.swift */ = {isa = PBXFileReference; fileEncoding = 4; lastKnownFileType = sourcecode.swift; path = V2EditListViewController.swift; sourceTree = "<group>"; };
		EB87F4851E414F85006A2E3B /* V2AddEditListItemViewController.swift */ = {isa = PBXFileReference; fileEncoding = 4; lastKnownFileType = sourcecode.swift; path = V2AddEditListItemViewController.swift; sourceTree = "<group>"; };
		EB87F4881E415244006A2E3B /* LastListViewController.swift */ = {isa = PBXFileReference; fileEncoding = 4; lastKnownFileType = sourcecode.swift; path = LastListViewController.swift; sourceTree = "<group>"; };
		EBB2469A1E4276C000330F6A /* Alamofire.framework */ = {isa = PBXFileReference; lastKnownFileType = wrapper.framework; name = Alamofire.framework; path = Carthage/Build/iOS/Alamofire.framework; sourceTree = "<group>"; };
		EBB2469B1E4276C000330F6A /* Dollar.framework */ = {isa = PBXFileReference; lastKnownFileType = wrapper.framework; name = Dollar.framework; path = Carthage/Build/iOS/Dollar.framework; sourceTree = "<group>"; };
		EBB2469C1E4276C000330F6A /* SQLite.framework */ = {isa = PBXFileReference; lastKnownFileType = wrapper.framework; name = SQLite.framework; path = Carthage/Build/iOS/SQLite.framework; sourceTree = "<group>"; };
		EBB2469D1E4276C000330F6A /* SwiftyJSON.framework */ = {isa = PBXFileReference; lastKnownFileType = wrapper.framework; name = SwiftyJSON.framework; path = Carthage/Build/iOS/SwiftyJSON.framework; sourceTree = "<group>"; };
		EBB246A31E4281B300330F6A /* SettingsInfo.swift */ = {isa = PBXFileReference; fileEncoding = 4; lastKnownFileType = sourcecode.swift; path = SettingsInfo.swift; sourceTree = "<group>"; };
		EBB246A51E4281DF00330F6A /* SettingsView.swift */ = {isa = PBXFileReference; fileEncoding = 4; lastKnownFileType = sourcecode.swift; path = SettingsView.swift; sourceTree = "<group>"; };
		EBB246A71E4286F900330F6A /* Settings.plist */ = {isa = PBXFileReference; fileEncoding = 4; lastKnownFileType = text.plist.xml; path = Settings.plist; sourceTree = "<group>"; };
		EBB246A91E428F7100330F6A /* LearnalistApi.swift */ = {isa = PBXFileReference; fileEncoding = 4; lastKnownFileType = sourcecode.swift; path = LearnalistApi.swift; sourceTree = "<group>"; };
/* End PBXFileReference section */

/* Begin PBXFrameworksBuildPhase section */
		EB2164991E3E297D00BF64BC /* Frameworks */ = {
			isa = PBXFrameworksBuildPhase;
			buildActionMask = 2147483647;
			files = (
				EB2164ED1E3E559C00BF64BC /* Signals.framework in Frameworks */,
				EB2164E41E3E335100BF64BC /* SnapKit.framework in Frameworks */,
				EBB2469E1E4276C000330F6A /* Alamofire.framework in Frameworks */,
				EBB2469F1E4276C000330F6A /* Dollar.framework in Frameworks */,
				EBB246A01E4276C000330F6A /* SQLite.framework in Frameworks */,
				EBB246A11E4276C000330F6A /* SwiftyJSON.framework in Frameworks */,
			);
			runOnlyForDeploymentPostprocessing = 0;
		};
		EB2164AD1E3E297D00BF64BC /* Frameworks */ = {
			isa = PBXFrameworksBuildPhase;
			buildActionMask = 2147483647;
			files = (
			);
			runOnlyForDeploymentPostprocessing = 0;
		};
		EB2164B81E3E297D00BF64BC /* Frameworks */ = {
			isa = PBXFrameworksBuildPhase;
			buildActionMask = 2147483647;
			files = (
			);
			runOnlyForDeploymentPostprocessing = 0;
		};
/* End PBXFrameworksBuildPhase section */

/* Begin PBXGroup section */
		EB1E7E911E429A0A00A59086 /* views */ = {
			isa = PBXGroup;
			children = (
				EB1E7E921E429A2000A59086 /* MyListView.swift */,
			);
			name = views;
			sourceTree = "<group>";
		};
		EB2164931E3E297D00BF64BC = {
			isa = PBXGroup;
			children = (
				EB21649E1E3E297D00BF64BC /* learnalist-ios */,
				EB2164B31E3E297D00BF64BC /* learnalist-iosTests */,
				EB2164BE1E3E297D00BF64BC /* learnalist-iosUITests */,
				EB21649D1E3E297D00BF64BC /* Products */,
				EB2164DC1E3E321C00BF64BC /* Frameworks */,
			);
			sourceTree = "<group>";
		};
		EB21649D1E3E297D00BF64BC /* Products */ = {
			isa = PBXGroup;
			children = (
				EB21649C1E3E297D00BF64BC /* learnalist-ios.app */,
				EB2164B01E3E297D00BF64BC /* learnalist-iosTests.xctest */,
				EB2164BB1E3E297D00BF64BC /* learnalist-iosUITests.xctest */,
			);
			name = Products;
			sourceTree = "<group>";
		};
		EB21649E1E3E297D00BF64BC /* learnalist-ios */ = {
			isa = PBXGroup;
			children = (
				EBB246A21E42819F00330F6A /* settings */,
				EB69ADE71E4274B3008C3160 /* models */,
				EB87F4871E41521E006A2E3B /* lastlist */,
				EB8236B21E3E626200577A13 /* addeditlist */,
				EB8236B11E3E625900577A13 /* mylist */,
				EB2164E71E3E35ED00BF64BC /* views */,
				EB2164D71E3E2F6400BF64BC /* tabs */,
				EB21649F1E3E297D00BF64BC /* AppDelegate.swift */,
				EB2164A11E3E297D00BF64BC /* MainViewController.swift */,
				EB2164A61E3E297D00BF64BC /* Assets.xcassets */,
				EB2164A81E3E297D00BF64BC /* LaunchScreen.storyboard */,
				EB2164AB1E3E297D00BF64BC /* Info.plist */,
				EBB246A71E4286F900330F6A /* Settings.plist */,
			);
			name = "learnalist-ios";
			path = "learnalist-ios";
			sourceTree = "<group>";
		};
		EB2164B31E3E297D00BF64BC /* learnalist-iosTests */ = {
			isa = PBXGroup;
			children = (
				EB2164B41E3E297D00BF64BC /* exploring_iosTests.swift */,
				EB2164B61E3E297D00BF64BC /* Info.plist */,
			);
			path = "learnalist-iosTests";
			sourceTree = "<group>";
		};
		EB2164BE1E3E297D00BF64BC /* learnalist-iosUITests */ = {
			isa = PBXGroup;
			children = (
				EB2164BF1E3E297D00BF64BC /* exploring_iosUITests.swift */,
				EB2164C11E3E297D00BF64BC /* Info.plist */,
			);
			path = "learnalist-iosUITests";
			sourceTree = "<group>";
		};
		EB2164D71E3E2F6400BF64BC /* tabs */ = {
			isa = PBXGroup;
			children = (
				EB2164E51E3E33F600BF64BC /* TabPickViewController.swift */,
				EB2164D81E3E2F6F00BF64BC /* TabMyListViewController.swift */,
				EB6BA7DC1E3E5AA200F96D70 /* TabLastListViewController.swift */,
			);
			name = tabs;
			sourceTree = "<group>";
		};
		EB2164DC1E3E321C00BF64BC /* Frameworks */ = {
			isa = PBXGroup;
			children = (
				EBB2469A1E4276C000330F6A /* Alamofire.framework */,
				EBB2469B1E4276C000330F6A /* Dollar.framework */,
				EBB2469C1E4276C000330F6A /* SQLite.framework */,
				EBB2469D1E4276C000330F6A /* SwiftyJSON.framework */,
				EB2164EC1E3E559C00BF64BC /* Signals.framework */,
				EB2164E31E3E335100BF64BC /* SnapKit.framework */,
				EB2164E11E3E332F00BF64BC /* SnapKit.framework */,
				EB2164E01E3E330A00BF64BC /* iOS */,
				EB2164DD1E3E321C00BF64BC /* SnapKit.framework */,
			);
			name = Frameworks;
			sourceTree = "<group>";
		};
		EB2164E01E3E330A00BF64BC /* iOS */ = {
			isa = PBXGroup;
			children = (
			);
			name = iOS;
			path = ../Carthage/Build/iOS;
			sourceTree = "<group>";
		};
		EB2164E71E3E35ED00BF64BC /* views */ = {
			isa = PBXGroup;
			children = (
				EB2164E81E3E35FC00BF64BC /* SettingsViewController.swift */,
				EB2164EA1E3E547500BF64BC /* SettingsNavigationController.swift */,
				EB2164EE1E3E560700BF64BC /* Settings2ViewController.swift */,
			);
			name = views;
			sourceTree = "<group>";
		};
		EB69ADE71E4274B3008C3160 /* models */ = {
			isa = PBXGroup;
			children = (
				EB69ADE81E4274C9008C3160 /* LearnalistModel.swift */,
				EBB246A91E428F7100330F6A /* LearnalistApi.swift */,
			);
			name = models;
			sourceTree = "<group>";
		};
		EB8236B11E3E625900577A13 /* mylist */ = {
			isa = PBXGroup;
			children = (
				EB1E7E911E429A0A00A59086 /* views */,
				EB8236B31E3E637000577A13 /* MyListViewController.swift */,
			);
			name = mylist;
			sourceTree = "<group>";
		};
		EB8236B21E3E626200577A13 /* addeditlist */ = {
			isa = PBXGroup;
			children = (
				EB69ADE51E42748C008C3160 /* AddEditNavigationController.swift */,
				EB87F4761E413846006A2E3B /* views */,
				EB2164DA1E3E2F9D00BF64BC /* PickViewController.swift */,
				EB87F4791E41395B006A2E3B /* V1AddEditListItemViewController.swift */,
				EB87F4851E414F85006A2E3B /* V2AddEditListItemViewController.swift */,
				EB87F47D1E41417B006A2E3B /* V1EditListViewController.swift */,
				EB87F4831E414F59006A2E3B /* V2EditListViewController.swift */,
			);
			name = addeditlist;
			sourceTree = "<group>";
		};
		EB87F4761E413846006A2E3B /* views */ = {
			isa = PBXGroup;
			children = (
				EB87F4721E413375006A2E3B /* PickView.swift */,
				EB87F4771E4138A2006A2E3B /* V1EditlistViewItem.swift */,
				EB87F4811E414F17006A2E3B /* V2EditlistViewItem.swift */,
				EB87F47B1E4140F8006A2E3B /* V1EditListView.swift */,
				EB87F47F1E414EE7006A2E3B /* V2EditListView.swift */,
			);
			name = views;
			sourceTree = "<group>";
		};
		EB87F4871E41521E006A2E3B /* lastlist */ = {
			isa = PBXGroup;
			children = (
				EB87F4881E415244006A2E3B /* LastListViewController.swift */,
			);
			name = lastlist;
			sourceTree = "<group>";
		};
		EBB246A21E42819F00330F6A /* settings */ = {
			isa = PBXGroup;
			children = (
				EBB246A31E4281B300330F6A /* SettingsInfo.swift */,
				EBB246A51E4281DF00330F6A /* SettingsView.swift */,
			);
			name = settings;
			sourceTree = "<group>";
		};
/* End PBXGroup section */

/* Begin PBXNativeTarget section */
		EB21649B1E3E297D00BF64BC /* learnalist-ios */ = {
			isa = PBXNativeTarget;
			buildConfigurationList = EB2164C41E3E297D00BF64BC /* Build configuration list for PBXNativeTarget "learnalist-ios" */;
			buildPhases = (
				EB2164981E3E297D00BF64BC /* Sources */,
				EB2164991E3E297D00BF64BC /* Frameworks */,
				EB21649A1E3E297D00BF64BC /* Resources */,
				EB2164DF1E3E328F00BF64BC /* ShellScript */,
			);
			buildRules = (
			);
			dependencies = (
			);
			name = "learnalist-ios";
			productName = "learnalist-ios";
			productReference = EB21649C1E3E297D00BF64BC /* learnalist-ios.app */;
			productType = "com.apple.product-type.application";
		};
		EB2164AF1E3E297D00BF64BC /* learnalist-iosTests */ = {
			isa = PBXNativeTarget;
			buildConfigurationList = EB2164C71E3E297D00BF64BC /* Build configuration list for PBXNativeTarget "learnalist-iosTests" */;
			buildPhases = (
				EB2164AC1E3E297D00BF64BC /* Sources */,
				EB2164AD1E3E297D00BF64BC /* Frameworks */,
				EB2164AE1E3E297D00BF64BC /* Resources */,
			);
			buildRules = (
			);
			dependencies = (
				EB2164B21E3E297D00BF64BC /* PBXTargetDependency */,
			);
			name = "learnalist-iosTests";
			productName = "learnalist-iosTests";
			productReference = EB2164B01E3E297D00BF64BC /* learnalist-iosTests.xctest */;
			productType = "com.apple.product-type.bundle.unit-test";
		};
		EB2164BA1E3E297D00BF64BC /* learnalist-iosUITests */ = {
			isa = PBXNativeTarget;
			buildConfigurationList = EB2164CA1E3E297D00BF64BC /* Build configuration list for PBXNativeTarget "learnalist-iosUITests" */;
			buildPhases = (
				EB2164B71E3E297D00BF64BC /* Sources */,
				EB2164B81E3E297D00BF64BC /* Frameworks */,
				EB2164B91E3E297D00BF64BC /* Resources */,
			);
			buildRules = (
			);
			dependencies = (
				EB2164BD1E3E297D00BF64BC /* PBXTargetDependency */,
			);
			name = "learnalist-iosUITests";
			productName = "learnalist-iosUITests";
			productReference = EB2164BB1E3E297D00BF64BC /* learnalist-iosUITests.xctest */;
			productType = "com.apple.product-type.bundle.ui-testing";
		};
/* End PBXNativeTarget section */

/* Begin PBXProject section */
		EB2164941E3E297D00BF64BC /* Project object */ = {
			isa = PBXProject;
			attributes = {
				LastSwiftUpdateCheck = 0820;
				LastUpgradeCheck = 0820;
				ORGANIZATIONNAME = freshteapot;
				TargetAttributes = {
					EB21649B1E3E297D00BF64BC = {
						CreatedOnToolsVersion = 8.2.1;
						DevelopmentTeam = 3S472GNEY9;
						ProvisioningStyle = Automatic;
					};
					EB2164AF1E3E297D00BF64BC = {
						CreatedOnToolsVersion = 8.2.1;
						DevelopmentTeam = 3S472GNEY9;
						ProvisioningStyle = Automatic;
						TestTargetID = EB21649B1E3E297D00BF64BC;
					};
					EB2164BA1E3E297D00BF64BC = {
						CreatedOnToolsVersion = 8.2.1;
						DevelopmentTeam = 3S472GNEY9;
						ProvisioningStyle = Automatic;
						TestTargetID = EB21649B1E3E297D00BF64BC;
					};
				};
			};
			buildConfigurationList = EB2164971E3E297D00BF64BC /* Build configuration list for PBXProject "learnalist-ios" */;
			compatibilityVersion = "Xcode 3.2";
			developmentRegion = English;
			hasScannedForEncodings = 0;
			knownRegions = (
				en,
				Base,
			);
			mainGroup = EB2164931E3E297D00BF64BC;
			productRefGroup = EB21649D1E3E297D00BF64BC /* Products */;
			projectDirPath = "";
			projectRoot = "";
			targets = (
				EB21649B1E3E297D00BF64BC /* learnalist-ios */,
				EB2164AF1E3E297D00BF64BC /* learnalist-iosTests */,
				EB2164BA1E3E297D00BF64BC /* learnalist-iosUITests */,
			);
		};
/* End PBXProject section */

/* Begin PBXResourcesBuildPhase section */
		EB21649A1E3E297D00BF64BC /* Resources */ = {
			isa = PBXResourcesBuildPhase;
			buildActionMask = 2147483647;
			files = (
				EB2164AA1E3E297D00BF64BC /* LaunchScreen.storyboard in Resources */,
				EB2164A71E3E297D00BF64BC /* Assets.xcassets in Resources */,
				EBB246A81E4286F900330F6A /* Settings.plist in Resources */,
			);
			runOnlyForDeploymentPostprocessing = 0;
		};
		EB2164AE1E3E297D00BF64BC /* Resources */ = {
			isa = PBXResourcesBuildPhase;
			buildActionMask = 2147483647;
			files = (
			);
			runOnlyForDeploymentPostprocessing = 0;
		};
		EB2164B91E3E297D00BF64BC /* Resources */ = {
			isa = PBXResourcesBuildPhase;
			buildActionMask = 2147483647;
			files = (
			);
			runOnlyForDeploymentPostprocessing = 0;
		};
/* End PBXResourcesBuildPhase section */

/* Begin PBXShellScriptBuildPhase section */
		EB2164DF1E3E328F00BF64BC /* ShellScript */ = {
			isa = PBXShellScriptBuildPhase;
			buildActionMask = 2147483647;
			files = (
			);
			inputPaths = (
				"$(SRCROOT)/Carthage/Build/iOS/SnapKit.framework",
				"$(SRCROOT)/Carthage/Build/iOS/Signals.framework",
				"$(SRCROOT)/Carthage/Build/iOS/SQLite.framework",
				"$(SRCROOT)/Carthage/Build/iOS/SwiftyJSON.framework",
				"$(SRCROOT)/Carthage/Build/iOS/Alamofire.framework",
				"$(SRCROOT)/Carthage/Build/iOS/Dollar.framework",
			);
			outputPaths = (
			);
			runOnlyForDeploymentPostprocessing = 0;
			shellPath = /bin/sh;
			shellScript = "/usr/local/bin/carthage copy-frameworks";
		};
/* End PBXShellScriptBuildPhase section */

/* Begin PBXSourcesBuildPhase section */
		EB2164981E3E297D00BF64BC /* Sources */ = {
			isa = PBXSourcesBuildPhase;
			buildActionMask = 2147483647;
			files = (
				EB69ADE61E42748C008C3160 /* AddEditNavigationController.swift in Sources */,
				EB2164A21E3E297D00BF64BC /* MainViewController.swift in Sources */,
				EBB246A41E4281B300330F6A /* SettingsInfo.swift in Sources */,
				EB87F47E1E41417B006A2E3B /* V1EditListViewController.swift in Sources */,
				EB6BA7DD1E3E5AA200F96D70 /* TabLastListViewController.swift in Sources */,
				EB87F4841E414F59006A2E3B /* V2EditListViewController.swift in Sources */,
				EB8236B41E3E637000577A13 /* MyListViewController.swift in Sources */,
				EB2164DB1E3E2F9D00BF64BC /* PickViewController.swift in Sources */,
				EB87F47A1E41395B006A2E3B /* V1AddEditListItemViewController.swift in Sources */,
				EBB246A61E4281DF00330F6A /* SettingsView.swift in Sources */,
				EB87F4801E414EE7006A2E3B /* V2EditListView.swift in Sources */,
				EB2164EF1E3E560700BF64BC /* Settings2ViewController.swift in Sources */,
				EB1E7E931E429A2000A59086 /* MyListView.swift in Sources */,
				EBB246AA1E428F7100330F6A /* LearnalistApi.swift in Sources */,
				EB2164A01E3E297D00BF64BC /* AppDelegate.swift in Sources */,
				EB2164EB1E3E547500BF64BC /* SettingsNavigationController.swift in Sources */,
				EB2164E61E3E33F600BF64BC /* TabPickViewController.swift in Sources */,
				EB87F47C1E4140F8006A2E3B /* V1EditListView.swift in Sources */,
				EB87F4891E415244006A2E3B /* LastListViewController.swift in Sources */,
				EB87F4861E414F85006A2E3B /* V2AddEditListItemViewController.swift in Sources */,
				EB87F4731E413375006A2E3B /* PickView.swift in Sources */,
				EB2164D91E3E2F6F00BF64BC /* TabMyListViewController.swift in Sources */,
				EB2164E91E3E35FC00BF64BC /* SettingsViewController.swift in Sources */,
				EB87F4781E4138A2006A2E3B /* V1EditlistViewItem.swift in Sources */,
				EB69ADE91E4274C9008C3160 /* LearnalistModel.swift in Sources */,
				EB87F4821E414F17006A2E3B /* V2EditlistViewItem.swift in Sources */,
			);
			runOnlyForDeploymentPostprocessing = 0;
		};
		EB2164AC1E3E297D00BF64BC /* Sources */ = {
			isa = PBXSourcesBuildPhase;
			buildActionMask = 2147483647;
			files = (
				EB2164B51E3E297D00BF64BC /* exploring_iosTests.swift in Sources */,
			);
			runOnlyForDeploymentPostprocessing = 0;
		};
		EB2164B71E3E297D00BF64BC /* Sources */ = {
			isa = PBXSourcesBuildPhase;
			buildActionMask = 2147483647;
			files = (
				EB2164C01E3E297D00BF64BC /* exploring_iosUITests.swift in Sources */,
			);
			runOnlyForDeploymentPostprocessing = 0;
		};
/* End PBXSourcesBuildPhase section */

/* Begin PBXTargetDependency section */
		EB2164B21E3E297D00BF64BC /* PBXTargetDependency */ = {
			isa = PBXTargetDependency;
			target = EB21649B1E3E297D00BF64BC /* learnalist-ios */;
			targetProxy = EB2164B11E3E297D00BF64BC /* PBXContainerItemProxy */;
		};
		EB2164BD1E3E297D00BF64BC /* PBXTargetDependency */ = {
			isa = PBXTargetDependency;
			target = EB21649B1E3E297D00BF64BC /* learnalist-ios */;
			targetProxy = EB2164BC1E3E297D00BF64BC /* PBXContainerItemProxy */;
		};
/* End PBXTargetDependency section */

/* Begin PBXVariantGroup section */
		EB2164A81E3E297D00BF64BC /* LaunchScreen.storyboard */ = {
			isa = PBXVariantGroup;
			children = (
				EB2164A91E3E297D00BF64BC /* Base */,
			);
			name = LaunchScreen.storyboard;
			sourceTree = "<group>";
		};
/* End PBXVariantGroup section */

/* Begin XCBuildConfiguration section */
		EB2164C21E3E297D00BF64BC /* Debug */ = {
			isa = XCBuildConfiguration;
			buildSettings = {
				ALWAYS_SEARCH_USER_PATHS = NO;
				CLANG_ANALYZER_NONNULL = YES;
				CLANG_CXX_LANGUAGE_STANDARD = "gnu++0x";
				CLANG_CXX_LIBRARY = "libc++";
				CLANG_ENABLE_MODULES = YES;
				CLANG_ENABLE_OBJC_ARC = YES;
				CLANG_WARN_BOOL_CONVERSION = YES;
				CLANG_WARN_CONSTANT_CONVERSION = YES;
				CLANG_WARN_DIRECT_OBJC_ISA_USAGE = YES_ERROR;
				CLANG_WARN_DOCUMENTATION_COMMENTS = YES;
				CLANG_WARN_EMPTY_BODY = YES;
				CLANG_WARN_ENUM_CONVERSION = YES;
				CLANG_WARN_INFINITE_RECURSION = YES;
				CLANG_WARN_INT_CONVERSION = YES;
				CLANG_WARN_OBJC_ROOT_CLASS = YES_ERROR;
				CLANG_WARN_SUSPICIOUS_MOVE = YES;
				CLANG_WARN_UNREACHABLE_CODE = YES;
				CLANG_WARN__DUPLICATE_METHOD_MATCH = YES;
				"CODE_SIGN_IDENTITY[sdk=iphoneos*]" = "iPhone Developer";
				COPY_PHASE_STRIP = NO;
				DEBUG_INFORMATION_FORMAT = dwarf;
				ENABLE_STRICT_OBJC_MSGSEND = YES;
				ENABLE_TESTABILITY = YES;
				GCC_C_LANGUAGE_STANDARD = gnu99;
				GCC_DYNAMIC_NO_PIC = NO;
				GCC_NO_COMMON_BLOCKS = YES;
				GCC_OPTIMIZATION_LEVEL = 0;
				GCC_PREPROCESSOR_DEFINITIONS = (
					"DEBUG=1",
					"$(inherited)",
				);
				GCC_WARN_64_TO_32_BIT_CONVERSION = YES;
				GCC_WARN_ABOUT_RETURN_TYPE = YES_ERROR;
				GCC_WARN_UNDECLARED_SELECTOR = YES;
				GCC_WARN_UNINITIALIZED_AUTOS = YES_AGGRESSIVE;
				GCC_WARN_UNUSED_FUNCTION = YES;
				GCC_WARN_UNUSED_VARIABLE = YES;
				IPHONEOS_DEPLOYMENT_TARGET = 10.2;
				MTL_ENABLE_DEBUG_INFO = YES;
				ONLY_ACTIVE_ARCH = YES;
				SDKROOT = iphoneos;
				SWIFT_ACTIVE_COMPILATION_CONDITIONS = DEBUG;
				SWIFT_OPTIMIZATION_LEVEL = "-Onone";
			};
			name = Debug;
		};
		EB2164C31E3E297D00BF64BC /* Release */ = {
			isa = XCBuildConfiguration;
			buildSettings = {
				ALWAYS_SEARCH_USER_PATHS = NO;
				CLANG_ANALYZER_NONNULL = YES;
				CLANG_CXX_LANGUAGE_STANDARD = "gnu++0x";
				CLANG_CXX_LIBRARY = "libc++";
				CLANG_ENABLE_MODULES = YES;
				CLANG_ENABLE_OBJC_ARC = YES;
				CLANG_WARN_BOOL_CONVERSION = YES;
				CLANG_WARN_CONSTANT_CONVERSION = YES;
				CLANG_WARN_DIRECT_OBJC_ISA_USAGE = YES_ERROR;
				CLANG_WARN_DOCUMENTATION_COMMENTS = YES;
				CLANG_WARN_EMPTY_BODY = YES;
				CLANG_WARN_ENUM_CONVERSION = YES;
				CLANG_WARN_INFINITE_RECURSION = YES;
				CLANG_WARN_INT_CONVERSION = YES;
				CLANG_WARN_OBJC_ROOT_CLASS = YES_ERROR;
				CLANG_WARN_SUSPICIOUS_MOVE = YES;
				CLANG_WARN_UNREACHABLE_CODE = YES;
				CLANG_WARN__DUPLICATE_METHOD_MATCH = YES;
				"CODE_SIGN_IDENTITY[sdk=iphoneos*]" = "iPhone Developer";
				COPY_PHASE_STRIP = NO;
				DEBUG_INFORMATION_FORMAT = "dwarf-with-dsym";
				ENABLE_NS_ASSERTIONS = NO;
				ENABLE_STRICT_OBJC_MSGSEND = YES;
				GCC_C_LANGUAGE_STANDARD = gnu99;
				GCC_NO_COMMON_BLOCKS = YES;
				GCC_WARN_64_TO_32_BIT_CONVERSION = YES;
				GCC_WARN_ABOUT_RETURN_TYPE = YES_ERROR;
				GCC_WARN_UNDECLARED_SELECTOR = YES;
				GCC_WARN_UNINITIALIZED_AUTOS = YES_AGGRESSIVE;
				GCC_WARN_UNUSED_FUNCTION = YES;
				GCC_WARN_UNUSED_VARIABLE = YES;
				IPHONEOS_DEPLOYMENT_TARGET = 10.2;
				MTL_ENABLE_DEBUG_INFO = NO;
				SDKROOT = iphoneos;
				SWIFT_OPTIMIZATION_LEVEL = "-Owholemodule";
				VALIDATE_PRODUCT = YES;
			};
			name = Release;
		};
		EB2164C51E3E297D00BF64BC /* Debug */ = {
			isa = XCBuildConfiguration;
			buildSettings = {
				ASSETCATALOG_COMPILER_APPICON_NAME = AppIcon;
				DEVELOPMENT_TEAM = 3S472GNEY9;
				FRAMEWORK_SEARCH_PATHS = (
					"$(inherited)",
					"$(PROJECT_DIR)/Carthage/Build/iOS",
				);
				INFOPLIST_FILE = "learnalist-ios/Info.plist";
				LD_RUNPATH_SEARCH_PATHS = "$(inherited) @executable_path/Frameworks";
				PRODUCT_BUNDLE_IDENTIFIER = "net.freshteapot.learnalist-ios";
				PRODUCT_NAME = "$(TARGET_NAME)";
				SWIFT_VERSION = 3.0;
			};
			name = Debug;
		};
		EB2164C61E3E297D00BF64BC /* Release */ = {
			isa = XCBuildConfiguration;
			buildSettings = {
				ASSETCATALOG_COMPILER_APPICON_NAME = AppIcon;
				DEVELOPMENT_TEAM = 3S472GNEY9;
				FRAMEWORK_SEARCH_PATHS = (
					"$(inherited)",
					"$(PROJECT_DIR)/Carthage/Build/iOS",
				);
				INFOPLIST_FILE = "learnalist-ios/Info.plist";
				LD_RUNPATH_SEARCH_PATHS = "$(inherited) @executable_path/Frameworks";
				PRODUCT_BUNDLE_IDENTIFIER = "net.freshteapot.learnalist-ios";
				PRODUCT_NAME = "$(TARGET_NAME)";
				SWIFT_VERSION = 3.0;
			};
			name = Release;
		};
		EB2164C81E3E297D00BF64BC /* Debug */ = {
			isa = XCBuildConfiguration;
			buildSettings = {
				ALWAYS_EMBED_SWIFT_STANDARD_LIBRARIES = YES;
				BUNDLE_LOADER = "$(TEST_HOST)";
				DEVELOPMENT_TEAM = 3S472GNEY9;
				INFOPLIST_FILE = "learnalist-iosTests/Info.plist";
				LD_RUNPATH_SEARCH_PATHS = "$(inherited) @executable_path/Frameworks @loader_path/Frameworks";
				PRODUCT_BUNDLE_IDENTIFIER = "net.freshteapot.learnalist-iosTests";
				PRODUCT_NAME = "$(TARGET_NAME)";
				SWIFT_VERSION = 3.0;
				TEST_HOST = "$(BUILT_PRODUCTS_DIR)/learnalist-ios.app/learnalist-ios";
			};
			name = Debug;
		};
		EB2164C91E3E297D00BF64BC /* Release */ = {
			isa = XCBuildConfiguration;
			buildSettings = {
				ALWAYS_EMBED_SWIFT_STANDARD_LIBRARIES = YES;
				BUNDLE_LOADER = "$(TEST_HOST)";
				DEVELOPMENT_TEAM = 3S472GNEY9;
				INFOPLIST_FILE = "learnalist-iosTests/Info.plist";
				LD_RUNPATH_SEARCH_PATHS = "$(inherited) @executable_path/Frameworks @loader_path/Frameworks";
				PRODUCT_BUNDLE_IDENTIFIER = "net.freshteapot.learnalist-iosTests";
				PRODUCT_NAME = "$(TARGET_NAME)";
				SWIFT_VERSION = 3.0;
				TEST_HOST = "$(BUILT_PRODUCTS_DIR)/learnalist-ios.app/learnalist-ios";
			};
			name = Release;
		};
		EB2164CB1E3E297D00BF64BC /* Debug */ = {
			isa = XCBuildConfiguration;
			buildSettings = {
				ALWAYS_EMBED_SWIFT_STANDARD_LIBRARIES = YES;
				DEVELOPMENT_TEAM = 3S472GNEY9;
				INFOPLIST_FILE = "learnalist-iosUITests/Info.plist";
				LD_RUNPATH_SEARCH_PATHS = "$(inherited) @executable_path/Frameworks @loader_path/Frameworks";
				PRODUCT_BUNDLE_IDENTIFIER = "net.freshteapot.learnalist-iosUITests";
				PRODUCT_NAME = "$(TARGET_NAME)";
				SWIFT_VERSION = 3.0;
				TEST_TARGET_NAME = "learnalist-ios";
			};
			name = Debug;
		};
		EB2164CC1E3E297D00BF64BC /* Release */ = {
			isa = XCBuildConfiguration;
			buildSettings = {
				ALWAYS_EMBED_SWIFT_STANDARD_LIBRARIES = YES;
				DEVELOPMENT_TEAM = 3S472GNEY9;
				INFOPLIST_FILE = "learnalist-iosUITests/Info.plist";
				LD_RUNPATH_SEARCH_PATHS = "$(inherited) @executable_path/Frameworks @loader_path/Frameworks";
				PRODUCT_BUNDLE_IDENTIFIER = "net.freshteapot.learnalist-iosUITests";
				PRODUCT_NAME = "$(TARGET_NAME)";
				SWIFT_VERSION = 3.0;
				TEST_TARGET_NAME = "learnalist-ios";
			};
			name = Release;
		};
/* End XCBuildConfiguration section */

/* Begin XCConfigurationList section */
		EB2164971E3E297D00BF64BC /* Build configuration list for PBXProject "learnalist-ios" */ = {
			isa = XCConfigurationList;
			buildConfigurations = (
				EB2164C21E3E297D00BF64BC /* Debug */,
				EB2164C31E3E297D00BF64BC /* Release */,
			);
			defaultConfigurationIsVisible = 0;
			defaultConfigurationName = Release;
		};
		EB2164C41E3E297D00BF64BC /* Build configuration list for PBXNativeTarget "learnalist-ios" */ = {
			isa = XCConfigurationList;
			buildConfigurations = (
				EB2164C51E3E297D00BF64BC /* Debug */,
				EB2164C61E3E297D00BF64BC /* Release */,
			);
			defaultConfigurationIsVisible = 0;
			defaultConfigurationName = Release;
		};
		EB2164C71E3E297D00BF64BC /* Build configuration list for PBXNativeTarget "learnalist-iosTests" */ = {
			isa = XCConfigurationList;
			buildConfigurations = (
				EB2164C81E3E297D00BF64BC /* Debug */,
				EB2164C91E3E297D00BF64BC /* Release */,
			);
			defaultConfigurationIsVisible = 0;
			defaultConfigurationName = Release;
		};
		EB2164CA1E3E297D00BF64BC /* Build configuration list for PBXNativeTarget "learnalist-iosUITests" */ = {
			isa = XCConfigurationList;
			buildConfigurations = (
				EB2164CB1E3E297D00BF64BC /* Debug */,
				EB2164CC1E3E297D00BF64BC /* Release */,
			);
			defaultConfigurationIsVisible = 0;
			defaultConfigurationName = Release;
		};
/* End XCConfigurationList section */
	};
	rootObject = EB2164941E3E297D00BF64BC /* Project object */;
}
